
Microsoft Visual Studio Solution File, Format Version 12.00
# Visual Studio Version 17
VisualStudioVersion = 17.6.33829.357
MinimumVisualStudioVersion = 10.0.40219.1
Project("{9A19103F-16F7-4668-BE54-9A1E7A4F7556}") = "AreaCalculation", "AreaCalculation\AreaCalculation.csproj", "{54F471B7-C09D-4182-A34C-7B6FB01B472D}"
EndProject
Project("{FAE04EC0-301F-11D3-BF4B-00C04F79EFBC}") = "AreaCalculationTests", "AreaCalculationTests\AreaCalculationTests.csproj", "{8F6F7C4B-6827-41C5-9B78-A616C02CF7B9}"
EndProject
Global
	GlobalSection(SolutionConfigurationPlatforms) = preSolution
		Debug|Any CPU = Debug|Any CPU
		Release|Any CPU = Release|Any CPU
	EndGlobalSection
	GlobalSection(ProjectConfigurationPlatforms) = postSolution
		{54F471B7-C09D-4182-A34C-7B6FB01B472D}.Debug|Any CPU.ActiveCfg = Debug|Any CPU
		{54F471B7-C09D-4182-A34C-7B6FB01B472D}.Debug|Any CPU.Build.0 = Debug|Any CPU
		{54F471B7-C09D-4182-A34C-7B6FB01B472D}.Release|Any CPU.ActiveCfg = Release|Any CPU
		{54F471B7-C09D-4182-A34C-7B6FB01B472D}.Release|Any CPU.Build.0 = Release|Any CPU
		{8F6F7C4B-6827-41C5-9B78-A616C02CF7B9}.Debug|Any CPU.ActiveCfg = Debug|Any CPU
		{8F6F7C4B-6827-41C5-9B78-A616C02CF7B9}.Debug|Any CPU.Build.0 = Debug|Any CPU
		{8F6F7C4B-6827-41C5-9B78-A616C02CF7B9}.Release|Any CPU.ActiveCfg = Release|Any CPU
		{8F6F7C4B-6827-41C5-9B78-A616C02CF7B9}.Release|Any CPU.Build.0 = Release|Any CPU
	EndGlobalSection
	GlobalSection(SolutionProperties) = preSolution
		HideSolutionNode = FALSE
	EndGlobalSection
	GlobalSection(ExtensibilityGlobals) = postSolution
		SolutionGuid = {9B13D532-C9EF-4546-BA29-BDA0C73FA382}
	EndGlobalSection
EndGlobal
